
Microsoft Visual Studio Solution File, Format Version 12.00
# Visual Studio 15
VisualStudioVersion = 15.0.26430.6
MinimumVisualStudioVersion = 10.0.40219.1
Project("{FAE04EC0-301F-11D3-BF4B-00C04F79EFBC}") = "ListSort.ConsoleApp", "ListSort.ConsoleApp\ListSort.ConsoleApp.csproj", "{FADF9875-C211-45DA-BC9F-8EB185652170}"
EndProject
Project("{FAE04EC0-301F-11D3-BF4B-00C04F79EFBC}") = "ListSort.Model", "ListSort.Model\ListSort.Model.csproj", "{6EE8D916-7A80-4791-8A3A-707C72139FB1}"
EndProject
Global
	GlobalSection(SolutionConfigurationPlatforms) = preSolution
		Debug|Any CPU = Debug|Any CPU
		Release|Any CPU = Release|Any CPU
	EndGlobalSection
	GlobalSection(ProjectConfigurationPlatforms) = postSolution
		{FADF9875-C211-45DA-BC9F-8EB185652170}.Debug|Any CPU.ActiveCfg = Debug|Any CPU
		{FADF9875-C211-45DA-BC9F-8EB185652170}.Debug|Any CPU.Build.0 = Debug|Any CPU
		{FADF9875-C211-45DA-BC9F-8EB185652170}.Release|Any CPU.ActiveCfg = Release|Any CPU
		{FADF9875-C211-45DA-BC9F-8EB185652170}.Release|Any CPU.Build.0 = Release|Any CPU
		{6EE8D916-7A80-4791-8A3A-707C72139FB1}.Debug|Any CPU.ActiveCfg = Debug|Any CPU
		{6EE8D916-7A80-4791-8A3A-707C72139FB1}.Debug|Any CPU.Build.0 = Debug|Any CPU
		{6EE8D916-7A80-4791-8A3A-707C72139FB1}.Release|Any CPU.ActiveCfg = Release|Any CPU
		{6EE8D916-7A80-4791-8A3A-707C72139FB1}.Release|Any CPU.Build.0 = Release|Any CPU
	EndGlobalSection
	GlobalSection(SolutionProperties) = preSolution
		HideSolutionNode = FALSE
	EndGlobalSection
EndGlobal
